
Microsoft Visual Studio Solution File, Format Version 12.00
# Visual Studio Version 17
VisualStudioVersion = 17.5.33414.496
MinimumVisualStudioVersion = 10.0.40219.1
Project("{FAE04EC0-301F-11D3-BF4B-00C04F79EFBC}") = "File editor", "File editor\File editor.csproj", "{EE196E72-C66A-4CF6-9F37-B9308383E388}"
EndProject
Global
	GlobalSection(SolutionConfigurationPlatforms) = preSolution
		Debug|Any CPU = Debug|Any CPU
		Release|Any CPU = Release|Any CPU
	EndGlobalSection
	GlobalSection(ProjectConfigurationPlatforms) = postSolution
		{EE196E72-C66A-4CF6-9F37-B9308383E388}.Debug|Any CPU.ActiveCfg = Debug|Any CPU
		{EE196E72-C66A-4CF6-9F37-B9308383E388}.Debug|Any CPU.Build.0 = Debug|Any CPU
		{EE196E72-C66A-4CF6-9F37-B9308383E388}.Release|Any CPU.ActiveCfg = Release|Any CPU
		{EE196E72-C66A-4CF6-9F37-B9308383E388}.Release|Any CPU.Build.0 = Release|Any CPU
	EndGlobalSection
	GlobalSection(SolutionProperties) = preSolution
		HideSolutionNode = FALSE
	EndGlobalSection
	GlobalSection(ExtensibilityGlobals) = postSolution
		SolutionGuid = {0163A91B-47BB-44F9-B18D-5CB76296D111}
	EndGlobalSection
EndGlobal
